PODS:
  - AgoraRtcEngine_iOS (3.7.0):
    - AgoraRtcEngine_iOS/AINS (= 3.7.0)
    - AgoraRtcEngine_iOS/AV1Dec (= 3.7.0)
    - AgoraRtcEngine_iOS/ContentInspect (= 3.7.0)
    - AgoraRtcEngine_iOS/FullAudioFormat (= 3.7.0)
    - AgoraRtcEngine_iOS/ReplayKit (= 3.7.0)
    - AgoraRtcEngine_iOS/ROIEnc (= 3.7.0)
    - AgoraRtcEngine_iOS/RtcBasic (= 3.7.0)
    - AgoraRtcEngine_iOS/SpatialAudio (= 3.7.0)
    - AgoraRtcEngine_iOS/SuperResolution (= 3.7.0)
    - AgoraRtcEngine_iOS/VideoPreprocess (= 3.7.0)
    - AgoraRtcEngine_iOS/VirtualBackground (= 3.7.0)
  - AgoraRtcEngine_iOS/AINS (3.7.0)
  - AgoraRtcEngine_iOS/AV1Dec (3.7.0)
  - AgoraRtcEngine_iOS/ContentInspect (3.7.0)
  - AgoraRtcEngine_iOS/FullAudioFormat (3.7.0)
  - AgoraRtcEngine_iOS/ReplayKit (3.7.0)
  - AgoraRtcEngine_iOS/ROIEnc (3.7.0)
  - AgoraRtcEngine_iOS/RtcBasic (3.7.0)
  - AgoraRtcEngine_iOS/SpatialAudio (3.7.0)
  - AgoraRtcEngine_iOS/SuperResolution (3.7.0)
  - AgoraRtcEngine_iOS/VideoPreprocess (3.7.0)
  - AgoraRtcEngine_iOS/VirtualBackground (3.7.0)
  - Alamofire (5.4.4)
  - JWTDecode (2.6.2)
  - KeychainSwift (19.0.0)
  - SwiftLint (0.44.0)

DEPENDENCIES:
  - AgoraRtcEngine_iOS
  - Alamofire (~> 5.4)
  - JWTDecode (~> 2.6)
  - KeychainSwift (~> 19.0)
  - SwiftLint

SPEC REPOS:
  trunk:
    - AgoraRtcEngine_iOS
    - Alamofire
    - JWTDecode
    - KeychainSwift
    - SwiftLint

SPEC CHECKSUMS:
  AgoraRtcEngine_iOS: e6bc354af9b8b883926382b5034f18822b5303df
  Alamofire: f3b09a368f1582ab751b3fff5460276e0d2cf5c9
  JWTDecode: 2cc56f950540c95fd11b14ff6388f7c6cb9760ab
  KeychainSwift: a06190cf933ad46b1e0abc3d77d29c06331715c7
  SwiftLint: e96c0a8c770c7ebbc4d36c55baf9096bb65c4584

PODFILE CHECKSUM: cfb234bc81d65447bc4c6f874d8d5d8b348689e1

COCOAPODS: 1.11.2
