// !$*UTF8*$!
{
	archiveVersion = 1;
	classes = {
	};
	objectVersion = 55;
	objects = {

/* Begin PBXBuildFile section */
		6BB37A170CF20C734A91965B /* Pods_Saitynas_App_2.framework in Frameworks */ = {isa = PBXBuildFile; fileRef = AF6170A55100D4AD16B5B781 /* Pods_Saitynas_App_2.framework */; };
		9547F0EA8C37C4CA1F52555C /* Pods_Saitynas_App_2Tests.framework in Frameworks */ = {isa = PBXBuildFile; fileRef = 3C536A0316055447994E05DB /* Pods_Saitynas_App_2Tests.framework */; };
		9EA2F1B57E9D60E203FCE5C0 /* Pods_Saitynas_App_2_Saitynas_App_2UITests.framework in Frameworks */ = {isa = PBXBuildFile; fileRef = 25CE00A274170513F4173E71 /* Pods_Saitynas_App_2_Saitynas_App_2UITests.framework */; };
		A02D6974274F05C70016B48D /* ShadowView.swift in Sources */ = {isa = PBXBuildFile; fileRef = A02D6973274F05C70016B48D /* ShadowView.swift */; };
		A02D6976274FDE970016B48D /* AccessControllerBase.swift in Sources */ = {isa = PBXBuildFile; fileRef = A02D6975274FDE960016B48D /* AccessControllerBase.swift */; };
		A04327C1275FE1DA00CDF63B /* EvaluationsTableViewController.swift in Sources */ = {isa = PBXBuildFile; fileRef = A04327C0275FE1DA00CDF63B /* EvaluationsTableViewController.swift */; };
		A0447268274EFCAF004292EE /* ButtonWithShadow.swift in Sources */ = {isa = PBXBuildFile; fileRef = A0447267274EFCAF004292EE /* ButtonWithShadow.swift */; };
		A044726A274EFD77004292EE /* ColorCode.swift in Sources */ = {isa = PBXBuildFile; fileRef = A0447269274EFD77004292EE /* ColorCode.swift */; };
		A044726C274EFDB7004292EE /* UIColorExtensions.swift in Sources */ = {isa = PBXBuildFile; fileRef = A044726B274EFDB7004292EE /* UIColorExtensions.swift */; };
		A044726E274EFF14004292EE /* InputField.swift in Sources */ = {isa = PBXBuildFile; fileRef = A044726D274EFF14004292EE /* InputField.swift */; };
		A06179C12757C3FE00ABBF82 /* WorkplaceTableViewController.swift in Sources */ = {isa = PBXBuildFile; fileRef = A06179C02757C3FE00ABBF82 /* WorkplaceTableViewController.swift */; };
		A06179C32757C47400ABBF82 /* WorkplaceTableVIewModel.swift in Sources */ = {isa = PBXBuildFile; fileRef = A06179C22757C47400ABBF82 /* WorkplaceTableVIewModel.swift */; };
		A06179C52757C51300ABBF82 /* CellIdentifier.swift in Sources */ = {isa = PBXBuildFile; fileRef = A06179C42757C51300ABBF82 /* CellIdentifier.swift */; };
		A06179C72757C5B900ABBF82 /* UITableViewExtensions.swift in Sources */ = {isa = PBXBuildFile; fileRef = A06179C62757C5B900ABBF82 /* UITableViewExtensions.swift */; };
		A06179C92757C6D400ABBF82 /* Workplace.swift in Sources */ = {isa = PBXBuildFile; fileRef = A06179C82757C6D400ABBF82 /* Workplace.swift */; };
		A06179CB2757C70300ABBF82 /* WorkplacesDTO.swift in Sources */ = {isa = PBXBuildFile; fileRef = A06179CA2757C70300ABBF82 /* WorkplacesDTO.swift */; };
		A06179CD2757C98300ABBF82 /* ApiClientProtocol.swift in Sources */ = {isa = PBXBuildFile; fileRef = A06179CC2757C98300ABBF82 /* ApiClientProtocol.swift */; };
		A07120DA27418CE600B5A945 /* AccessCommunicator.swift in Sources */ = {isa = PBXBuildFile; fileRef = A07120D927418CE600B5A945 /* AccessCommunicator.swift */; };
		A07120DC27418D3B00B5A945 /* TokensDTO.swift in Sources */ = {isa = PBXBuildFile; fileRef = A07120DB27418D3B00B5A945 /* TokensDTO.swift */; };
		A07120DE27418D8D00B5A945 /* Role.swift in Sources */ = {isa = PBXBuildFile; fileRef = A07120DD27418D8D00B5A945 /* Role.swift */; };
		A07120E027418E1700B5A945 /* AuthenticationManager.swift in Sources */ = {isa = PBXBuildFile; fileRef = A07120DF27418E1700B5A945 /* AuthenticationManager.swift */; };
		A07120E227418F5A00B5A945 /* LoginViewModel.swift in Sources */ = {isa = PBXBuildFile; fileRef = A07120E127418F5A00B5A945 /* LoginViewModel.swift */; };
		A07120E42741967B00B5A945 /* StateObserverDelegate.swift in Sources */ = {isa = PBXBuildFile; fileRef = A07120E32741967B00B5A945 /* StateObserverDelegate.swift */; };
		A07120E72741A88D00B5A945 /* KeyValueStorageProtocol.swift in Sources */ = {isa = PBXBuildFile; fileRef = A07120E62741A88D00B5A945 /* KeyValueStorageProtocol.swift */; };
		A07120E92741AB5800B5A945 /* KeychainStorage.swift in Sources */ = {isa = PBXBuildFile; fileRef = A07120E82741AB5800B5A945 /* KeychainStorage.swift */; };
		A07120EB2741ABA300B5A945 /* UserTokensRepository.swift in Sources */ = {isa = PBXBuildFile; fileRef = A07120EA2741ABA300B5A945 /* UserTokensRepository.swift */; };
		A07120EE2741CC2C00B5A945 /* SpecialistTableViewController.swift in Sources */ = {isa = PBXBuildFile; fileRef = A07120ED2741CC2C00B5A945 /* SpecialistTableViewController.swift */; };
		A07120F02741CCA800B5A945 /* SpecialistTableViewModel.swift in Sources */ = {isa = PBXBuildFile; fileRef = A07120EF2741CCA800B5A945 /* SpecialistTableViewModel.swift */; };
		A07120F22741CCE800B5A945 /* SpecialistsDTO.swift in Sources */ = {isa = PBXBuildFile; fileRef = A07120F12741CCE800B5A945 /* SpecialistsDTO.swift */; };
		A07A3F412741CD5B00B029DE /* Specialist.swift in Sources */ = {isa = PBXBuildFile; fileRef = A07A3F402741CD5B00B029DE /* Specialist.swift */; };
		A07A3F442744F61300B029DE /* DataSourceObserverDelegate.swift in Sources */ = {isa = PBXBuildFile; fileRef = A07A3F432744F61300B029DE /* DataSourceObserverDelegate.swift */; };
		A07A3F462744F6CE00B029DE /* Observable.swift in Sources */ = {isa = PBXBuildFile; fileRef = A07A3F452744F6CE00B029DE /* Observable.swift */; };
		A07A3F482744F7CF00B029DE /* ObserverDelegate.swift in Sources */ = {isa = PBXBuildFile; fileRef = A07A3F472744F7CF00B029DE /* ObserverDelegate.swift */; };
		A0A857CA274ED4DD000B133C /* SignupViewModel.swift in Sources */ = {isa = PBXBuildFile; fileRef = A0A857C9274ED4DD000B133C /* SignupViewModel.swift */; };
		A0A857CC274ED83F000B133C /* EnumDTO.swift in Sources */ = {isa = PBXBuildFile; fileRef = A0A857CB274ED83F000B133C /* EnumDTO.swift */; };
		A0A857CE274ED8F9000B133C /* EnumListDTO.swift in Sources */ = {isa = PBXBuildFile; fileRef = A0A857CD274ED8F9000B133C /* EnumListDTO.swift */; };
		A0A857D0274EE69F000B133C /* JwtUser.swift in Sources */ = {isa = PBXBuildFile; fileRef = A0A857CF274EE69F000B133C /* JwtUser.swift */; };
		A0A857D2274EE91E000B133C /* JwtExtensions.swift in Sources */ = {isa = PBXBuildFile; fileRef = A0A857D1274EE91E000B133C /* JwtExtensions.swift */; };
		A0A857D4274EF0AF000B133C /* UserTabViewController.swift in Sources */ = {isa = PBXBuildFile; fileRef = A0A857D3274EF0AF000B133C /* UserTabViewController.swift */; };
		A0A857D6274EF1A6000B133C /* SpecialistTabViewController.swift in Sources */ = {isa = PBXBuildFile; fileRef = A0A857D5274EF1A6000B133C /* SpecialistTabViewController.swift */; };
		A0B4DA232741566800C0EC1F /* AppDelegate.swift in Sources */ = {isa = PBXBuildFile; fileRef = A0B4DA222741566800C0EC1F /* AppDelegate.swift */; };
		A0B4DA252741566800C0EC1F /* SceneDelegate.swift in Sources */ = {isa = PBXBuildFile; fileRef = A0B4DA242741566800C0EC1F /* SceneDelegate.swift */; };
		A0B4DA272741566800C0EC1F /* AuthenticationViewController.swift in Sources */ = {isa = PBXBuildFile; fileRef = A0B4DA262741566800C0EC1F /* AuthenticationViewController.swift */; };
		A0B4DA2A2741566800C0EC1F /* Main.storyboard in Resources */ = {isa = PBXBuildFile; fileRef = A0B4DA282741566800C0EC1F /* Main.storyboard */; };
		A0B4DA2C2741566900C0EC1F /* Assets.xcassets in Resources */ = {isa = PBXBuildFile; fileRef = A0B4DA2B2741566900C0EC1F /* Assets.xcassets */; };
		A0B4DA2F2741566900C0EC1F /* LaunchScreen.storyboard in Resources */ = {isa = PBXBuildFile; fileRef = A0B4DA2D2741566900C0EC1F /* LaunchScreen.storyboard */; };
		A0B4DA3A2741566900C0EC1F /* Saitynas_App_2Tests.swift in Sources */ = {isa = PBXBuildFile; fileRef = A0B4DA392741566900C0EC1F /* Saitynas_App_2Tests.swift */; };
		A0B4DA442741566900C0EC1F /* Saitynas_App_2UITests.swift in Sources */ = {isa = PBXBuildFile; fileRef = A0B4DA432741566900C0EC1F /* Saitynas_App_2UITests.swift */; };
		A0B4DA462741566900C0EC1F /* Saitynas_App_2UITestsLaunchTests.swift in Sources */ = {isa = PBXBuildFile; fileRef = A0B4DA452741566900C0EC1F /* Saitynas_App_2UITestsLaunchTests.swift */; };
		A0B9935527415DA900EA60B0 /* DIContainer.swift in Sources */ = {isa = PBXBuildFile; fileRef = A0B9935427415DA900EA60B0 /* DIContainer.swift */; };
		A0B9935827415DC800EA60B0 /* Bootstrapper.swift in Sources */ = {isa = PBXBuildFile; fileRef = A0B9935727415DC800EA60B0 /* Bootstrapper.swift */; };
		A0B9935D2741607F00EA60B0 /* ErrorDTO.swift in Sources */ = {isa = PBXBuildFile; fileRef = A0B9935C2741607F00EA60B0 /* ErrorDTO.swift */; };
		A0B9935F2741608900EA60B0 /* MetaDTO.swift in Sources */ = {isa = PBXBuildFile; fileRef = A0B9935E2741608900EA60B0 /* MetaDTO.swift */; };
		A0B993612741609D00EA60B0 /* MessageDTO.swift in Sources */ = {isa = PBXBuildFile; fileRef = A0B993602741609D00EA60B0 /* MessageDTO.swift */; };
		A0B993632741612B00EA60B0 /* MessageViewModel.swift in Sources */ = {isa = PBXBuildFile; fileRef = A0B993622741612B00EA60B0 /* MessageViewModel.swift */; };
		A0B993652741619900EA60B0 /* MessageViewControllerProtocol.swift in Sources */ = {isa = PBXBuildFile; fileRef = A0B993642741619900EA60B0 /* MessageViewControllerProtocol.swift */; };
		A0B993682741650A00EA60B0 /* ApiClient.swift in Sources */ = {isa = PBXBuildFile; fileRef = A0B993672741650A00EA60B0 /* ApiClient.swift */; };
		A0B9936A274166F000EA60B0 /* Communicator.swift in Sources */ = {isa = PBXBuildFile; fileRef = A0B99369274166F000EA60B0 /* Communicator.swift */; };
		A0B9936C274178D400EA60B0 /* NaviagtionViewController.swift in Sources */ = {isa = PBXBuildFile; fileRef = A0B9936B274178D400EA60B0 /* NaviagtionViewController.swift */; };
		A0B9936E274179A200EA60B0 /* ViewControllerIdentifier.swift in Sources */ = {isa = PBXBuildFile; fileRef = A0B9936D274179A200EA60B0 /* ViewControllerIdentifier.swift */; };
		A0B9937227417A0800EA60B0 /* SettingsViewController.swift in Sources */ = {isa = PBXBuildFile; fileRef = A0B9937127417A0800EA60B0 /* SettingsViewController.swift */; };
		A0B9937427417ADE00EA60B0 /* UIStoryboardExtensions.swift in Sources */ = {isa = PBXBuildFile; fileRef = A0B9937327417ADE00EA60B0 /* UIStoryboardExtensions.swift */; };
		A0B993762741820C00EA60B0 /* LoginViewController.swift in Sources */ = {isa = PBXBuildFile; fileRef = A0B993752741820C00EA60B0 /* LoginViewController.swift */; };
		A0B993782741822400EA60B0 /* SignupViewController.swift in Sources */ = {isa = PBXBuildFile; fileRef = A0B993772741822400EA60B0 /* SignupViewController.swift */; };
		A0B9937A274182E100EA60B0 /* PatientTabViewController.swift in Sources */ = {isa = PBXBuildFile; fileRef = A0B99379274182E100EA60B0 /* PatientTabViewController.swift */; };
		A0B9937C2741831200EA60B0 /* SpecialistViewController.swift in Sources */ = {isa = PBXBuildFile; fileRef = A0B9937B2741831200EA60B0 /* SpecialistViewController.swift */; };
		A0DEB6BC2745423900EC62CB /* NullObject.swift in Sources */ = {isa = PBXBuildFile; fileRef = A0DEB6BB2745423900EC62CB /* NullObject.swift */; };
		A0DEB6BE274550C500EC62CB /* SpecialistDTO.swift in Sources */ = {isa = PBXBuildFile; fileRef = A0DEB6BD274550C500EC62CB /* SpecialistDTO.swift */; };
		A0F48B6927452E1E00F54324 /* RoundableView.swift in Sources */ = {isa = PBXBuildFile; fileRef = A0F48B6827452E1E00F54324 /* RoundableView.swift */; };
		A0F48B6B274530FD00F54324 /* SpecialistViewModel.swift in Sources */ = {isa = PBXBuildFile; fileRef = A0F48B6A274530FD00F54324 /* SpecialistViewModel.swift */; };
/* End PBXBuildFile section */

/* Begin PBXContainerItemProxy section */
		A0B4DA362741566900C0EC1F /* PBXContainerItemProxy */ = {
			isa = PBXContainerItemProxy;
			containerPortal = A0B4DA172741566800C0EC1F /* Project object */;
			proxyType = 1;
			remoteGlobalIDString = A0B4DA1E2741566800C0EC1F;
			remoteInfo = Saitynas_App_2;
		};
		A0B4DA402741566900C0EC1F /* PBXContainerItemProxy */ = {
			isa = PBXContainerItemProxy;
			containerPortal = A0B4DA172741566800C0EC1F /* Project object */;
			proxyType = 1;
			remoteGlobalIDString = A0B4DA1E2741566800C0EC1F;
			remoteInfo = Saitynas_App_2;
		};
/* End PBXContainerItemProxy section */

/* Begin PBXFileReference section */
		0528C91E3DECEFF76F08350C /* Pods-Saitynas_App_2.debug.xcconfig */ = {isa = PBXFileReference; includeInIndex = 1; lastKnownFileType = text.xcconfig; name = "Pods-Saitynas_App_2.debug.xcconfig"; path = "Target Support Files/Pods-Saitynas_App_2/Pods-Saitynas_App_2.debug.xcconfig"; sourceTree = "<group>"; };
		25CE00A274170513F4173E71 /* Pods_Saitynas_App_2_Saitynas_App_2UITests.framework */ = {isa = PBXFileReference; explicitFileType = wrapper.framework; includeInIndex = 0; path = Pods_Saitynas_App_2_Saitynas_App_2UITests.framework; sourceTree = BUILT_PRODUCTS_DIR; };
		3C536A0316055447994E05DB /* Pods_Saitynas_App_2Tests.framework */ = {isa = PBXFileReference; explicitFileType = wrapper.framework; includeInIndex = 0; path = Pods_Saitynas_App_2Tests.framework; sourceTree = BUILT_PRODUCTS_DIR; };
		79ABC9337BEA7004DA6DED9D /* Pods-Saitynas_App_2Tests.release.xcconfig */ = {isa = PBXFileReference; includeInIndex = 1; lastKnownFileType = text.xcconfig; name = "Pods-Saitynas_App_2Tests.release.xcconfig"; path = "Target Support Files/Pods-Saitynas_App_2Tests/Pods-Saitynas_App_2Tests.release.xcconfig"; sourceTree = "<group>"; };
		9465DB913CD54F4A1CA30AC9 /* Pods-Saitynas_App_2Tests.debug.xcconfig */ = {isa = PBXFileReference; includeInIndex = 1; lastKnownFileType = text.xcconfig; name = "Pods-Saitynas_App_2Tests.debug.xcconfig"; path = "Target Support Files/Pods-Saitynas_App_2Tests/Pods-Saitynas_App_2Tests.debug.xcconfig"; sourceTree = "<group>"; };
		A02D6973274F05C70016B48D /* ShadowView.swift */ = {isa = PBXFileReference; lastKnownFileType = sourcecode.swift; path = ShadowView.swift; sourceTree = "<group>"; };
		A02D6975274FDE960016B48D /* AccessControllerBase.swift */ = {isa = PBXFileReference; lastKnownFileType = sourcecode.swift; path = AccessControllerBase.swift; sourceTree = "<group>"; };
		A04327C0275FE1DA00CDF63B /* EvaluationsTableViewController.swift */ = {isa = PBXFileReference; lastKnownFileType = sourcecode.swift; path = EvaluationsTableViewController.swift; sourceTree = "<group>"; };
		A0447267274EFCAF004292EE /* ButtonWithShadow.swift */ = {isa = PBXFileReference; lastKnownFileType = sourcecode.swift; path = ButtonWithShadow.swift; sourceTree = "<group>"; };
		A0447269274EFD77004292EE /* ColorCode.swift */ = {isa = PBXFileReference; lastKnownFileType = sourcecode.swift; path = ColorCode.swift; sourceTree = "<group>"; };
		A044726B274EFDB7004292EE /* UIColorExtensions.swift */ = {isa = PBXFileReference; lastKnownFileType = sourcecode.swift; path = UIColorExtensions.swift; sourceTree = "<group>"; };
		A044726D274EFF14004292EE /* InputField.swift */ = {isa = PBXFileReference; lastKnownFileType = sourcecode.swift; path = InputField.swift; sourceTree = "<group>"; };
		A06179C02757C3FE00ABBF82 /* WorkplaceTableViewController.swift */ = {isa = PBXFileReference; lastKnownFileType = sourcecode.swift; path = WorkplaceTableViewController.swift; sourceTree = "<group>"; };
		A06179C22757C47400ABBF82 /* WorkplaceTableVIewModel.swift */ = {isa = PBXFileReference; lastKnownFileType = sourcecode.swift; path = WorkplaceTableVIewModel.swift; sourceTree = "<group>"; };
		A06179C42757C51300ABBF82 /* CellIdentifier.swift */ = {isa = PBXFileReference; lastKnownFileType = sourcecode.swift; path = CellIdentifier.swift; sourceTree = "<group>"; };
		A06179C62757C5B900ABBF82 /* UITableViewExtensions.swift */ = {isa = PBXFileReference; lastKnownFileType = sourcecode.swift; path = UITableViewExtensions.swift; sourceTree = "<group>"; };
		A06179C82757C6D400ABBF82 /* Workplace.swift */ = {isa = PBXFileReference; lastKnownFileType = sourcecode.swift; path = Workplace.swift; sourceTree = "<group>"; };
		A06179CA2757C70300ABBF82 /* WorkplacesDTO.swift */ = {isa = PBXFileReference; lastKnownFileType = sourcecode.swift; path = WorkplacesDTO.swift; sourceTree = "<group>"; };
		A06179CC2757C98300ABBF82 /* ApiClientProtocol.swift */ = {isa = PBXFileReference; lastKnownFileType = sourcecode.swift; path = ApiClientProtocol.swift; sourceTree = "<group>"; };
		A07120D927418CE600B5A945 /* AccessCommunicator.swift */ = {isa = PBXFileReference; lastKnownFileType = sourcecode.swift; path = AccessCommunicator.swift; sourceTree = "<group>"; };
		A07120DB27418D3B00B5A945 /* TokensDTO.swift */ = {isa = PBXFileReference; lastKnownFileType = sourcecode.swift; path = TokensDTO.swift; sourceTree = "<group>"; };
		A07120DD27418D8D00B5A945 /* Role.swift */ = {isa = PBXFileReference; lastKnownFileType = sourcecode.swift; path = Role.swift; sourceTree = "<group>"; };
		A07120DF27418E1700B5A945 /* AuthenticationManager.swift */ = {isa = PBXFileReference; lastKnownFileType = sourcecode.swift; path = AuthenticationManager.swift; sourceTree = "<group>"; };
		A07120E127418F5A00B5A945 /* LoginViewModel.swift */ = {isa = PBXFileReference; lastKnownFileType = sourcecode.swift; path = LoginViewModel.swift; sourceTree = "<group>"; };
		A07120E32741967B00B5A945 /* StateObserverDelegate.swift */ = {isa = PBXFileReference; lastKnownFileType = sourcecode.swift; path = StateObserverDelegate.swift; sourceTree = "<group>"; };
		A07120E62741A88D00B5A945 /* KeyValueStorageProtocol.swift */ = {isa = PBXFileReference; lastKnownFileType = sourcecode.swift; path = KeyValueStorageProtocol.swift; sourceTree = "<group>"; };
		A07120E82741AB5800B5A945 /* KeychainStorage.swift */ = {isa = PBXFileReference; lastKnownFileType = sourcecode.swift; path = KeychainStorage.swift; sourceTree = "<group>"; };
		A07120EA2741ABA300B5A945 /* UserTokensRepository.swift */ = {isa = PBXFileReference; lastKnownFileType = sourcecode.swift; path = UserTokensRepository.swift; sourceTree = "<group>"; };
		A07120ED2741CC2C00B5A945 /* SpecialistTableViewController.swift */ = {isa = PBXFileReference; lastKnownFileType = sourcecode.swift; path = SpecialistTableViewController.swift; sourceTree = "<group>"; };
		A07120EF2741CCA800B5A945 /* SpecialistTableViewModel.swift */ = {isa = PBXFileReference; lastKnownFileType = sourcecode.swift; path = SpecialistTableViewModel.swift; sourceTree = "<group>"; };
		A07120F12741CCE800B5A945 /* SpecialistsDTO.swift */ = {isa = PBXFileReference; lastKnownFileType = sourcecode.swift; path = SpecialistsDTO.swift; sourceTree = "<group>"; };
		A07A3F402741CD5B00B029DE /* Specialist.swift */ = {isa = PBXFileReference; lastKnownFileType = sourcecode.swift; path = Specialist.swift; sourceTree = "<group>"; };
		A07A3F432744F61300B029DE /* DataSourceObserverDelegate.swift */ = {isa = PBXFileReference; lastKnownFileType = sourcecode.swift; path = DataSourceObserverDelegate.swift; sourceTree = "<group>"; };
		A07A3F452744F6CE00B029DE /* Observable.swift */ = {isa = PBXFileReference; lastKnownFileType = sourcecode.swift; path = Observable.swift; sourceTree = "<group>"; };
		A07A3F472744F7CF00B029DE /* ObserverDelegate.swift */ = {isa = PBXFileReference; lastKnownFileType = sourcecode.swift; path = ObserverDelegate.swift; sourceTree = "<group>"; };
		A0A857C9274ED4DD000B133C /* SignupViewModel.swift */ = {isa = PBXFileReference; lastKnownFileType = sourcecode.swift; path = SignupViewModel.swift; sourceTree = "<group>"; };
		A0A857CB274ED83F000B133C /* EnumDTO.swift */ = {isa = PBXFileReference; lastKnownFileType = sourcecode.swift; path = EnumDTO.swift; sourceTree = "<group>"; };
		A0A857CD274ED8F9000B133C /* EnumListDTO.swift */ = {isa = PBXFileReference; lastKnownFileType = sourcecode.swift; path = EnumListDTO.swift; sourceTree = "<group>"; };
		A0A857CF274EE69F000B133C /* JwtUser.swift */ = {isa = PBXFileReference; lastKnownFileType = sourcecode.swift; path = JwtUser.swift; sourceTree = "<group>"; };
		A0A857D1274EE91E000B133C /* JwtExtensions.swift */ = {isa = PBXFileReference; lastKnownFileType = sourcecode.swift; path = JwtExtensions.swift; sourceTree = "<group>"; };
		A0A857D3274EF0AF000B133C /* UserTabViewController.swift */ = {isa = PBXFileReference; lastKnownFileType = sourcecode.swift; path = UserTabViewController.swift; sourceTree = "<group>"; };
		A0A857D5274EF1A6000B133C /* SpecialistTabViewController.swift */ = {isa = PBXFileReference; lastKnownFileType = sourcecode.swift; path = SpecialistTabViewController.swift; sourceTree = "<group>"; };
		A0B4DA1F2741566800C0EC1F /* Saitynas_App_2.app */ = {isa = PBXFileReference; explicitFileType = wrapper.application; includeInIndex = 0; path = Saitynas_App_2.app; sourceTree = BUILT_PRODUCTS_DIR; };
		A0B4DA222741566800C0EC1F /* AppDelegate.swift */ = {isa = PBXFileReference; lastKnownFileType = sourcecode.swift; path = AppDelegate.swift; sourceTree = "<group>"; };
		A0B4DA242741566800C0EC1F /* SceneDelegate.swift */ = {isa = PBXFileReference; lastKnownFileType = sourcecode.swift; path = SceneDelegate.swift; sourceTree = "<group>"; };
		A0B4DA262741566800C0EC1F /* AuthenticationViewController.swift */ = {isa = PBXFileReference; lastKnownFileType = sourcecode.swift; path = AuthenticationViewController.swift; sourceTree = "<group>"; };
		A0B4DA292741566800C0EC1F /* Base */ = {isa = PBXFileReference; lastKnownFileType = file.storyboard; name = Base; path = Base.lproj/Main.storyboard; sourceTree = "<group>"; };
		A0B4DA2B2741566900C0EC1F /* Assets.xcassets */ = {isa = PBXFileReference; lastKnownFileType = folder.assetcatalog; path = Assets.xcassets; sourceTree = "<group>"; };
		A0B4DA2E2741566900C0EC1F /* Base */ = {isa = PBXFileReference; lastKnownFileType = file.storyboard; name = Base; path = Base.lproj/LaunchScreen.storyboard; sourceTree = "<group>"; };
		A0B4DA302741566900C0EC1F /* Info.plist */ = {isa = PBXFileReference; lastKnownFileType = text.plist.xml; path = Info.plist; sourceTree = "<group>"; };
		A0B4DA352741566900C0EC1F /* Saitynas_App_2Tests.xctest */ = {isa = PBXFileReference; explicitFileType = wrapper.cfbundle; includeInIndex = 0; path = Saitynas_App_2Tests.xctest; sourceTree = BUILT_PRODUCTS_DIR; };
		A0B4DA392741566900C0EC1F /* Saitynas_App_2Tests.swift */ = {isa = PBXFileReference; lastKnownFileType = sourcecode.swift; path = Saitynas_App_2Tests.swift; sourceTree = "<group>"; };
		A0B4DA3F2741566900C0EC1F /* Saitynas_App_2UITests.xctest */ = {isa = PBXFileReference; explicitFileType = wrapper.cfbundle; includeInIndex = 0; path = Saitynas_App_2UITests.xctest; sourceTree = BUILT_PRODUCTS_DIR; };
		A0B4DA432741566900C0EC1F /* Saitynas_App_2UITests.swift */ = {isa = PBXFileReference; lastKnownFileType = sourcecode.swift; path = Saitynas_App_2UITests.swift; sourceTree = "<group>"; };
		A0B4DA452741566900C0EC1F /* Saitynas_App_2UITestsLaunchTests.swift */ = {isa = PBXFileReference; lastKnownFileType = sourcecode.swift; path = Saitynas_App_2UITestsLaunchTests.swift; sourceTree = "<group>"; };
		A0B9935427415DA900EA60B0 /* DIContainer.swift */ = {isa = PBXFileReference; lastKnownFileType = sourcecode.swift; path = DIContainer.swift; sourceTree = "<group>"; };
		A0B9935727415DC800EA60B0 /* Bootstrapper.swift */ = {isa = PBXFileReference; lastKnownFileType = sourcecode.swift; path = Bootstrapper.swift; sourceTree = "<group>"; };
		A0B9935C2741607F00EA60B0 /* ErrorDTO.swift */ = {isa = PBXFileReference; lastKnownFileType = sourcecode.swift; path = ErrorDTO.swift; sourceTree = "<group>"; };
		A0B9935E2741608900EA60B0 /* MetaDTO.swift */ = {isa = PBXFileReference; lastKnownFileType = sourcecode.swift; path = MetaDTO.swift; sourceTree = "<group>"; };
		A0B993602741609D00EA60B0 /* MessageDTO.swift */ = {isa = PBXFileReference; lastKnownFileType = sourcecode.swift; path = MessageDTO.swift; sourceTree = "<group>"; };
		A0B993622741612B00EA60B0 /* MessageViewModel.swift */ = {isa = PBXFileReference; lastKnownFileType = sourcecode.swift; path = MessageViewModel.swift; sourceTree = "<group>"; };
		A0B993642741619900EA60B0 /* MessageViewControllerProtocol.swift */ = {isa = PBXFileReference; lastKnownFileType = sourcecode.swift; path = MessageViewControllerProtocol.swift; sourceTree = "<group>"; };
		A0B993672741650A00EA60B0 /* ApiClient.swift */ = {isa = PBXFileReference; lastKnownFileType = sourcecode.swift; path = ApiClient.swift; sourceTree = "<group>"; };
		A0B99369274166F000EA60B0 /* Communicator.swift */ = {isa = PBXFileReference; lastKnownFileType = sourcecode.swift; path = Communicator.swift; sourceTree = "<group>"; };
		A0B9936B274178D400EA60B0 /* NaviagtionViewController.swift */ = {isa = PBXFileReference; lastKnownFileType = sourcecode.swift; path = NaviagtionViewController.swift; sourceTree = "<group>"; };
		A0B9936D274179A200EA60B0 /* ViewControllerIdentifier.swift */ = {isa = PBXFileReference; lastKnownFileType = sourcecode.swift; path = ViewControllerIdentifier.swift; sourceTree = "<group>"; };
		A0B9937127417A0800EA60B0 /* SettingsViewController.swift */ = {isa = PBXFileReference; lastKnownFileType = sourcecode.swift; path = SettingsViewController.swift; sourceTree = "<group>"; };
		A0B9937327417ADE00EA60B0 /* UIStoryboardExtensions.swift */ = {isa = PBXFileReference; lastKnownFileType = sourcecode.swift; path = UIStoryboardExtensions.swift; sourceTree = "<group>"; };
		A0B993752741820C00EA60B0 /* LoginViewController.swift */ = {isa = PBXFileReference; lastKnownFileType = sourcecode.swift; path = LoginViewController.swift; sourceTree = "<group>"; };
		A0B993772741822400EA60B0 /* SignupViewController.swift */ = {isa = PBXFileReference; lastKnownFileType = sourcecode.swift; path = SignupViewController.swift; sourceTree = "<group>"; };
		A0B99379274182E100EA60B0 /* PatientTabViewController.swift */ = {isa = PBXFileReference; lastKnownFileType = sourcecode.swift; path = PatientTabViewController.swift; sourceTree = "<group>"; };
		A0B9937B2741831200EA60B0 /* SpecialistViewController.swift */ = {isa = PBXFileReference; lastKnownFileType = sourcecode.swift; path = SpecialistViewController.swift; sourceTree = "<group>"; };
		A0DEB6BB2745423900EC62CB /* NullObject.swift */ = {isa = PBXFileReference; lastKnownFileType = sourcecode.swift; path = NullObject.swift; sourceTree = "<group>"; };
		A0DEB6BD274550C500EC62CB /* SpecialistDTO.swift */ = {isa = PBXFileReference; lastKnownFileType = sourcecode.swift; path = SpecialistDTO.swift; sourceTree = "<group>"; };
		A0F48B6827452E1E00F54324 /* RoundableView.swift */ = {isa = PBXFileReference; lastKnownFileType = sourcecode.swift; path = RoundableView.swift; sourceTree = "<group>"; };
		A0F48B6A274530FD00F54324 /* SpecialistViewModel.swift */ = {isa = PBXFileReference; lastKnownFileType = sourcecode.swift; path = SpecialistViewModel.swift; sourceTree = "<group>"; };
		AF6170A55100D4AD16B5B781 /* Pods_Saitynas_App_2.framework */ = {isa = PBXFileReference; explicitFileType = wrapper.framework; includeInIndex = 0; path = Pods_Saitynas_App_2.framework; sourceTree = BUILT_PRODUCTS_DIR; };
		B39840B9341DC88193000E2B /* Pods-Saitynas_App_2.release.xcconfig */ = {isa = PBXFileReference; includeInIndex = 1; lastKnownFileType = text.xcconfig; name = "Pods-Saitynas_App_2.release.xcconfig"; path = "Target Support Files/Pods-Saitynas_App_2/Pods-Saitynas_App_2.release.xcconfig"; sourceTree = "<group>"; };
		BA61AB65E9EFA55C15E75B34 /* Pods-Saitynas_App_2-Saitynas_App_2UITests.release.xcconfig */ = {isa = PBXFileReference; includeInIndex = 1; lastKnownFileType = text.xcconfig; name = "Pods-Saitynas_App_2-Saitynas_App_2UITests.release.xcconfig"; path = "Target Support Files/Pods-Saitynas_App_2-Saitynas_App_2UITests/Pods-Saitynas_App_2-Saitynas_App_2UITests.release.xcconfig"; sourceTree = "<group>"; };
		FD5B4413457FD048F6BB697A /* Pods-Saitynas_App_2-Saitynas_App_2UITests.debug.xcconfig */ = {isa = PBXFileReference; includeInIndex = 1; lastKnownFileType = text.xcconfig; name = "Pods-Saitynas_App_2-Saitynas_App_2UITests.debug.xcconfig"; path = "Target Support Files/Pods-Saitynas_App_2-Saitynas_App_2UITests/Pods-Saitynas_App_2-Saitynas_App_2UITests.debug.xcconfig"; sourceTree = "<group>"; };
/* End PBXFileReference section */

/* Begin PBXFrameworksBuildPhase section */
		A0B4DA1C2741566800C0EC1F /* Frameworks */ = {
			isa = PBXFrameworksBuildPhase;
			buildActionMask = 2147483647;
			files = (
				6BB37A170CF20C734A91965B /* Pods_Saitynas_App_2.framework in Frameworks */,
			);
			runOnlyForDeploymentPostprocessing = 0;
		};
		A0B4DA322741566900C0EC1F /* Frameworks */ = {
			isa = PBXFrameworksBuildPhase;
			buildActionMask = 2147483647;
			files = (
				9547F0EA8C37C4CA1F52555C /* Pods_Saitynas_App_2Tests.framework in Frameworks */,
			);
			runOnlyForDeploymentPostprocessing = 0;
		};
		A0B4DA3C2741566900C0EC1F /* Frameworks */ = {
			isa = PBXFrameworksBuildPhase;
			buildActionMask = 2147483647;
			files = (
				9EA2F1B57E9D60E203FCE5C0 /* Pods_Saitynas_App_2_Saitynas_App_2UITests.framework in Frameworks */,
			);
			runOnlyForDeploymentPostprocessing = 0;
		};
/* End PBXFrameworksBuildPhase section */

/* Begin PBXGroup section */
		09C33A55B0F963A24C0BA8A9 /* Frameworks */ = {
			isa = PBXGroup;
			children = (
				AF6170A55100D4AD16B5B781 /* Pods_Saitynas_App_2.framework */,
				25CE00A274170513F4173E71 /* Pods_Saitynas_App_2_Saitynas_App_2UITests.framework */,
				3C536A0316055447994E05DB /* Pods_Saitynas_App_2Tests.framework */,
			);
			name = Frameworks;
			sourceTree = "<group>";
		};
		A016FDB6274EF36400CB4011 /* Navigation */ = {
			isa = PBXGroup;
			children = (
				A0B9936B274178D400EA60B0 /* NaviagtionViewController.swift */,
				A07120ED2741CC2C00B5A945 /* SpecialistTableViewController.swift */,
				A0A857D3274EF0AF000B133C /* UserTabViewController.swift */,
				A0A857D5274EF1A6000B133C /* SpecialistTabViewController.swift */,
				A06179C02757C3FE00ABBF82 /* WorkplaceTableViewController.swift */,
			);
			name = Navigation;
			sourceTree = "<group>";
		};
		A016FDB7274EF37900CB4011 /* Authentication */ = {
			isa = PBXGroup;
			children = (
				A0B993752741820C00EA60B0 /* LoginViewController.swift */,
				A0B993772741822400EA60B0 /* SignupViewController.swift */,
				A0B4DA262741566800C0EC1F /* AuthenticationViewController.swift */,
				A0B993642741619900EA60B0 /* MessageViewControllerProtocol.swift */,
				A02D6975274FDE960016B48D /* AccessControllerBase.swift */,
			);
			name = Authentication;
			sourceTree = "<group>";
		};
		A07120E52741A86D00B5A945 /* Storage */ = {
			isa = PBXGroup;
			children = (
				A07120E62741A88D00B5A945 /* KeyValueStorageProtocol.swift */,
				A07120E82741AB5800B5A945 /* KeychainStorage.swift */,
				A07120EA2741ABA300B5A945 /* UserTokensRepository.swift */,
			);
			name = Storage;
			sourceTree = "<group>";
		};
		A07A3F422744F5E000B029DE /* Protocols */ = {
			isa = PBXGroup;
			children = (
				A07120E32741967B00B5A945 /* StateObserverDelegate.swift */,
				A07A3F432744F61300B029DE /* DataSourceObserverDelegate.swift */,
				A07A3F452744F6CE00B029DE /* Observable.swift */,
				A07A3F472744F7CF00B029DE /* ObserverDelegate.swift */,
			);
			name = Protocols;
			sourceTree = "<group>";
		};
		A0B4DA162741566800C0EC1F = {
			isa = PBXGroup;
			children = (
				A0B4DA212741566800C0EC1F /* Saitynas_App_2 */,
				A0B4DA222741566800C0EC1F /* AppDelegate.swift */,
				A0B4DA242741566800C0EC1F /* SceneDelegate.swift */,
				A0B4DA382741566900C0EC1F /* Saitynas_App_2Tests */,
				A0B4DA422741566900C0EC1F /* Saitynas_App_2UITests */,
				A0B4DA202741566800C0EC1F /* Products */,
				E1F867D7DF93210A9D57176C /* Pods */,
				09C33A55B0F963A24C0BA8A9 /* Frameworks */,
			);
			sourceTree = "<group>";
		};
		A0B4DA202741566800C0EC1F /* Products */ = {
			isa = PBXGroup;
			children = (
				A0B4DA1F2741566800C0EC1F /* Saitynas_App_2.app */,
				A0B4DA352741566900C0EC1F /* Saitynas_App_2Tests.xctest */,
				A0B4DA3F2741566900C0EC1F /* Saitynas_App_2UITests.xctest */,
			);
			name = Products;
			sourceTree = "<group>";
		};
		A0B4DA212741566800C0EC1F /* Saitynas_App_2 */ = {
			isa = PBXGroup;
			children = (
				A0B9935127415CA600EA60B0 /* Services */,
				A0B9935927415F2500EA60B0 /* Extensions */,
				A07A3F422744F5E000B029DE /* Protocols */,
				A0B9935227415CB400EA60B0 /* Models */,
				A0B9935A2741606400EA60B0 /* ViewModels */,
				A0B993502741598800EA60B0 /* Controllers */,
				A0F48B6727452E0C00F54324 /* UI */,
				A0B9934F2741597900EA60B0 /* Storyboards */,
				A0B9934E2741596B00EA60B0 /* Resources */,
			);
			path = Saitynas_App_2;
			sourceTree = "<group>";
		};
		A0B4DA382741566900C0EC1F /* Saitynas_App_2Tests */ = {
			isa = PBXGroup;
			children = (
				A0B4DA392741566900C0EC1F /* Saitynas_App_2Tests.swift */,
			);
			path = Saitynas_App_2Tests;
			sourceTree = "<group>";
		};
		A0B4DA422741566900C0EC1F /* Saitynas_App_2UITests */ = {
			isa = PBXGroup;
			children = (
				A0B4DA432741566900C0EC1F /* Saitynas_App_2UITests.swift */,
				A0B4DA452741566900C0EC1F /* Saitynas_App_2UITestsLaunchTests.swift */,
			);
			path = Saitynas_App_2UITests;
			sourceTree = "<group>";
		};
		A0B9934E2741596B00EA60B0 /* Resources */ = {
			isa = PBXGroup;
			children = (
				A0B4DA2B2741566900C0EC1F /* Assets.xcassets */,
				A0B4DA302741566900C0EC1F /* Info.plist */,
			);
			name = Resources;
			sourceTree = "<group>";
		};
		A0B9934F2741597900EA60B0 /* Storyboards */ = {
			isa = PBXGroup;
			children = (
				A0B4DA282741566800C0EC1F /* Main.storyboard */,
				A0B4DA2D2741566900C0EC1F /* LaunchScreen.storyboard */,
			);
			name = Storyboards;
			sourceTree = "<group>";
		};
		A0B993502741598800EA60B0 /* Controllers */ = {
			isa = PBXGroup;
			children = (
				A016FDB7274EF37900CB4011 /* Authentication */,
				A016FDB6274EF36400CB4011 /* Navigation */,
				A0B9937127417A0800EA60B0 /* SettingsViewController.swift */,
				A0B99379274182E100EA60B0 /* PatientTabViewController.swift */,
				A0B9937B2741831200EA60B0 /* SpecialistViewController.swift */,
				A04327C0275FE1DA00CDF63B /* EvaluationsTableViewController.swift */,
			);
			name = Controllers;
			sourceTree = "<group>";
		};
		A0B9935127415CA600EA60B0 /* Services */ = {
			isa = PBXGroup;
			children = (
				A07120E52741A86D00B5A945 /* Storage */,
				A0B99366274164FF00EA60B0 /* Networking */,
				A0B9935727415DC800EA60B0 /* Bootstrapper.swift */,
				A07120DF27418E1700B5A945 /* AuthenticationManager.swift */,
			);
			name = Services;
			sourceTree = "<group>";
		};
		A0B9935227415CB400EA60B0 /* Models */ = {
			isa = PBXGroup;
			children = (
				A0B9935327415CBE00EA60B0 /* API */,
				A0B9935427415DA900EA60B0 /* DIContainer.swift */,
				A0B9936D274179A200EA60B0 /* ViewControllerIdentifier.swift */,
				A07120DD27418D8D00B5A945 /* Role.swift */,
				A0DEB6BB2745423900EC62CB /* NullObject.swift */,
				A0A857CF274EE69F000B133C /* JwtUser.swift */,
				A0447269274EFD77004292EE /* ColorCode.swift */,
				A06179C42757C51300ABBF82 /* CellIdentifier.swift */,
			);
			name = Models;
			sourceTree = "<group>";
		};
		A0B9935327415CBE00EA60B0 /* API */ = {
			isa = PBXGroup;
			children = (
				A0B9935C2741607F00EA60B0 /* ErrorDTO.swift */,
				A0B9935E2741608900EA60B0 /* MetaDTO.swift */,
				A0B993602741609D00EA60B0 /* MessageDTO.swift */,
				A07120DB27418D3B00B5A945 /* TokensDTO.swift */,
				A07120F12741CCE800B5A945 /* SpecialistsDTO.swift */,
				A07A3F402741CD5B00B029DE /* Specialist.swift */,
				A0DEB6BD274550C500EC62CB /* SpecialistDTO.swift */,
				A0A857CB274ED83F000B133C /* EnumDTO.swift */,
				A0A857CD274ED8F9000B133C /* EnumListDTO.swift */,
				A06179C82757C6D400ABBF82 /* Workplace.swift */,
				A06179CA2757C70300ABBF82 /* WorkplacesDTO.swift */,
			);
			name = API;
			sourceTree = "<group>";
		};
		A0B9935927415F2500EA60B0 /* Extensions */ = {
			isa = PBXGroup;
			children = (
				A0B9937327417ADE00EA60B0 /* UIStoryboardExtensions.swift */,
				A0A857D1274EE91E000B133C /* JwtExtensions.swift */,
				A044726B274EFDB7004292EE /* UIColorExtensions.swift */,
				A044726D274EFF14004292EE /* InputField.swift */,
				A06179C62757C5B900ABBF82 /* UITableViewExtensions.swift */,
			);
			name = Extensions;
			sourceTree = "<group>";
		};
		A0B9935A2741606400EA60B0 /* ViewModels */ = {
			isa = PBXGroup;
			children = (
				A0B993622741612B00EA60B0 /* MessageViewModel.swift */,
				A07120E127418F5A00B5A945 /* LoginViewModel.swift */,
				A07120EF2741CCA800B5A945 /* SpecialistTableViewModel.swift */,
				A0F48B6A274530FD00F54324 /* SpecialistViewModel.swift */,
				A0A857C9274ED4DD000B133C /* SignupViewModel.swift */,
				A06179C22757C47400ABBF82 /* WorkplaceTableVIewModel.swift */,
			);
			name = ViewModels;
			sourceTree = "<group>";
		};
		A0B99366274164FF00EA60B0 /* Networking */ = {
			isa = PBXGroup;
			children = (
				A0B993672741650A00EA60B0 /* ApiClient.swift */,
				A0B99369274166F000EA60B0 /* Communicator.swift */,
				A07120D927418CE600B5A945 /* AccessCommunicator.swift */,
				A06179CC2757C98300ABBF82 /* ApiClientProtocol.swift */,
			);
			name = Networking;
			sourceTree = "<group>";
		};
		A0F48B6727452E0C00F54324 /* UI */ = {
			isa = PBXGroup;
			children = (
				A0F48B6827452E1E00F54324 /* RoundableView.swift */,
				A0447267274EFCAF004292EE /* ButtonWithShadow.swift */,
				A02D6973274F05C70016B48D /* ShadowView.swift */,
			);
			name = UI;
			sourceTree = "<group>";
		};
		E1F867D7DF93210A9D57176C /* Pods */ = {
			isa = PBXGroup;
			children = (
				0528C91E3DECEFF76F08350C /* Pods-Saitynas_App_2.debug.xcconfig */,
				B39840B9341DC88193000E2B /* Pods-Saitynas_App_2.release.xcconfig */,
				FD5B4413457FD048F6BB697A /* Pods-Saitynas_App_2-Saitynas_App_2UITests.debug.xcconfig */,
				BA61AB65E9EFA55C15E75B34 /* Pods-Saitynas_App_2-Saitynas_App_2UITests.release.xcconfig */,
				9465DB913CD54F4A1CA30AC9 /* Pods-Saitynas_App_2Tests.debug.xcconfig */,
				79ABC9337BEA7004DA6DED9D /* Pods-Saitynas_App_2Tests.release.xcconfig */,
			);
			path = Pods;
			sourceTree = "<group>";
		};
/* End PBXGroup section */

/* Begin PBXNativeTarget section */
		A0B4DA1E2741566800C0EC1F /* Saitynas_App_2 */ = {
			isa = PBXNativeTarget;
			buildConfigurationList = A0B4DA492741566900C0EC1F /* Build configuration list for PBXNativeTarget "Saitynas_App_2" */;
			buildPhases = (
				E8862732A2A054BC58950ED7 /* [CP] Check Pods Manifest.lock */,
				A0B4DA1B2741566800C0EC1F /* Sources */,
				A0B4DA1C2741566800C0EC1F /* Frameworks */,
				A0B4DA1D2741566800C0EC1F /* Resources */,
				34AA9B85F39569B7C7ECD4E4 /* [CP] Embed Pods Frameworks */,
				A0A5DB692747C12100774232 /* Swiftlint */,
			);
			buildRules = (
			);
			dependencies = (
			);
			name = Saitynas_App_2;
			productName = Saitynas_App_2;
			productReference = A0B4DA1F2741566800C0EC1F /* Saitynas_App_2.app */;
			productType = "com.apple.product-type.application";
		};
		A0B4DA342741566900C0EC1F /* Saitynas_App_2Tests */ = {
			isa = PBXNativeTarget;
			buildConfigurationList = A0B4DA4C2741566900C0EC1F /* Build configuration list for PBXNativeTarget "Saitynas_App_2Tests" */;
			buildPhases = (
				884AF64DA415C6746B9603FB /* [CP] Check Pods Manifest.lock */,
				A0B4DA312741566900C0EC1F /* Sources */,
				A0B4DA322741566900C0EC1F /* Frameworks */,
				A0B4DA332741566900C0EC1F /* Resources */,
			);
			buildRules = (
			);
			dependencies = (
				A0B4DA372741566900C0EC1F /* PBXTargetDependency */,
			);
			name = Saitynas_App_2Tests;
			productName = Saitynas_App_2Tests;
			productReference = A0B4DA352741566900C0EC1F /* Saitynas_App_2Tests.xctest */;
			productType = "com.apple.product-type.bundle.unit-test";
		};
		A0B4DA3E2741566900C0EC1F /* Saitynas_App_2UITests */ = {
			isa = PBXNativeTarget;
			buildConfigurationList = A0B4DA4F2741566900C0EC1F /* Build configuration list for PBXNativeTarget "Saitynas_App_2UITests" */;
			buildPhases = (
				14FC5A8527BCB985656C13AE /* [CP] Check Pods Manifest.lock */,
				A0B4DA3B2741566900C0EC1F /* Sources */,
				A0B4DA3C2741566900C0EC1F /* Frameworks */,
				A0B4DA3D2741566900C0EC1F /* Resources */,
				B798A8F6CE319421F9DE49CE /* [CP] Embed Pods Frameworks */,
			);
			buildRules = (
			);
			dependencies = (
				A0B4DA412741566900C0EC1F /* PBXTargetDependency */,
			);
			name = Saitynas_App_2UITests;
			productName = Saitynas_App_2UITests;
			productReference = A0B4DA3F2741566900C0EC1F /* Saitynas_App_2UITests.xctest */;
			productType = "com.apple.product-type.bundle.ui-testing";
		};
/* End PBXNativeTarget section */

/* Begin PBXProject section */
		A0B4DA172741566800C0EC1F /* Project object */ = {
			isa = PBXProject;
			attributes = {
				BuildIndependentTargetsInParallel = 1;
				LastSwiftUpdateCheck = 1310;
				LastUpgradeCheck = 1310;
				TargetAttributes = {
					A0B4DA1E2741566800C0EC1F = {
						CreatedOnToolsVersion = 13.1;
					};
					A0B4DA342741566900C0EC1F = {
						CreatedOnToolsVersion = 13.1;
						TestTargetID = A0B4DA1E2741566800C0EC1F;
					};
					A0B4DA3E2741566900C0EC1F = {
						CreatedOnToolsVersion = 13.1;
						TestTargetID = A0B4DA1E2741566800C0EC1F;
					};
				};
			};
			buildConfigurationList = A0B4DA1A2741566800C0EC1F /* Build configuration list for PBXProject "Saitynas_App_2" */;
			compatibilityVersion = "Xcode 13.0";
			developmentRegion = en;
			hasScannedForEncodings = 0;
			knownRegions = (
				en,
				Base,
			);
			mainGroup = A0B4DA162741566800C0EC1F;
			productRefGroup = A0B4DA202741566800C0EC1F /* Products */;
			projectDirPath = "";
			projectRoot = "";
			targets = (
				A0B4DA1E2741566800C0EC1F /* Saitynas_App_2 */,
				A0B4DA342741566900C0EC1F /* Saitynas_App_2Tests */,
				A0B4DA3E2741566900C0EC1F /* Saitynas_App_2UITests */,
			);
		};
/* End PBXProject section */

/* Begin PBXResourcesBuildPhase section */
		A0B4DA1D2741566800C0EC1F /* Resources */ = {
			isa = PBXResourcesBuildPhase;
			buildActionMask = 2147483647;
			files = (
				A0B4DA2F2741566900C0EC1F /* LaunchScreen.storyboard in Resources */,
				A0B4DA2C2741566900C0EC1F /* Assets.xcassets in Resources */,
				A0B4DA2A2741566800C0EC1F /* Main.storyboard in Resources */,
			);
			runOnlyForDeploymentPostprocessing = 0;
		};
		A0B4DA332741566900C0EC1F /* Resources */ = {
			isa = PBXResourcesBuildPhase;
			buildActionMask = 2147483647;
			files = (
			);
			runOnlyForDeploymentPostprocessing = 0;
		};
		A0B4DA3D2741566900C0EC1F /* Resources */ = {
			isa = PBXResourcesBuildPhase;
			buildActionMask = 2147483647;
			files = (
			);
			runOnlyForDeploymentPostprocessing = 0;
		};
/* End PBXResourcesBuildPhase section */

/* Begin PBXShellScriptBuildPhase section */
		14FC5A8527BCB985656C13AE /* [CP] Check Pods Manifest.lock */ = {
			isa = PBXShellScriptBuildPhase;
			buildActionMask = 2147483647;
			files = (
			);
			inputFileListPaths = (
			);
			inputPaths = (
				"${PODS_PODFILE_DIR_PATH}/Podfile.lock",
				"${PODS_ROOT}/Manifest.lock",
			);
			name = "[CP] Check Pods Manifest.lock";
			outputFileListPaths = (
			);
			outputPaths = (
				"$(DERIVED_FILE_DIR)/Pods-Saitynas_App_2-Saitynas_App_2UITests-checkManifestLockResult.txt",
			);
			runOnlyForDeploymentPostprocessing = 0;
			shellPath = /bin/sh;
			shellScript = "diff \"${PODS_PODFILE_DIR_PATH}/Podfile.lock\" \"${PODS_ROOT}/Manifest.lock\" > /dev/null\nif [ $? != 0 ] ; then\n    # print error to STDERR\n    echo \"error: The sandbox is not in sync with the Podfile.lock. Run 'pod install' or update your CocoaPods installation.\" >&2\n    exit 1\nfi\n# This output is used by Xcode 'outputs' to avoid re-running this script phase.\necho \"SUCCESS\" > \"${SCRIPT_OUTPUT_FILE_0}\"\n";
			showEnvVarsInLog = 0;
		};
		34AA9B85F39569B7C7ECD4E4 /* [CP] Embed Pods Frameworks */ = {
			isa = PBXShellScriptBuildPhase;
			buildActionMask = 2147483647;
			files = (
			);
			inputFileListPaths = (
				"${PODS_ROOT}/Target Support Files/Pods-Saitynas_App_2/Pods-Saitynas_App_2-frameworks-${CONFIGURATION}-input-files.xcfilelist",
			);
			name = "[CP] Embed Pods Frameworks";
			outputFileListPaths = (
				"${PODS_ROOT}/Target Support Files/Pods-Saitynas_App_2/Pods-Saitynas_App_2-frameworks-${CONFIGURATION}-output-files.xcfilelist",
			);
			runOnlyForDeploymentPostprocessing = 0;
			shellPath = /bin/sh;
			shellScript = "\"${PODS_ROOT}/Target Support Files/Pods-Saitynas_App_2/Pods-Saitynas_App_2-frameworks.sh\"\n";
			showEnvVarsInLog = 0;
		};
		884AF64DA415C6746B9603FB /* [CP] Check Pods Manifest.lock */ = {
			isa = PBXShellScriptBuildPhase;
			buildActionMask = 2147483647;
			files = (
			);
			inputFileListPaths = (
			);
			inputPaths = (
				"${PODS_PODFILE_DIR_PATH}/Podfile.lock",
				"${PODS_ROOT}/Manifest.lock",
			);
			name = "[CP] Check Pods Manifest.lock";
			outputFileListPaths = (
			);
			outputPaths = (
				"$(DERIVED_FILE_DIR)/Pods-Saitynas_App_2Tests-checkManifestLockResult.txt",
			);
			runOnlyForDeploymentPostprocessing = 0;
			shellPath = /bin/sh;
			shellScript = "diff \"${PODS_PODFILE_DIR_PATH}/Podfile.lock\" \"${PODS_ROOT}/Manifest.lock\" > /dev/null\nif [ $? != 0 ] ; then\n    # print error to STDERR\n    echo \"error: The sandbox is not in sync with the Podfile.lock. Run 'pod install' or update your CocoaPods installation.\" >&2\n    exit 1\nfi\n# This output is used by Xcode 'outputs' to avoid re-running this script phase.\necho \"SUCCESS\" > \"${SCRIPT_OUTPUT_FILE_0}\"\n";
			showEnvVarsInLog = 0;
		};
		A0A5DB692747C12100774232 /* Swiftlint */ = {
			isa = PBXShellScriptBuildPhase;
			buildActionMask = 2147483647;
			files = (
			);
			inputFileListPaths = (
			);
			inputPaths = (
			);
			name = Swiftlint;
			outputFileListPaths = (
			);
			outputPaths = (
			);
			runOnlyForDeploymentPostprocessing = 0;
			shellPath = /bin/sh;
			shellScript = "if which swiftlint >/dev/null; then\n  swiftlint\nelse\n  echo \"warning: SwiftLint not installed, download from https://github.com/realm/SwiftLint\"\nfi\n";
		};
		B798A8F6CE319421F9DE49CE /* [CP] Embed Pods Frameworks */ = {
			isa = PBXShellScriptBuildPhase;
			buildActionMask = 2147483647;
			files = (
			);
			inputFileListPaths = (
				"${PODS_ROOT}/Target Support Files/Pods-Saitynas_App_2-Saitynas_App_2UITests/Pods-Saitynas_App_2-Saitynas_App_2UITests-frameworks-${CONFIGURATION}-input-files.xcfilelist",
			);
			name = "[CP] Embed Pods Frameworks";
			outputFileListPaths = (
				"${PODS_ROOT}/Target Support Files/Pods-Saitynas_App_2-Saitynas_App_2UITests/Pods-Saitynas_App_2-Saitynas_App_2UITests-frameworks-${CONFIGURATION}-output-files.xcfilelist",
			);
			runOnlyForDeploymentPostprocessing = 0;
			shellPath = /bin/sh;
			shellScript = "\"${PODS_ROOT}/Target Support Files/Pods-Saitynas_App_2-Saitynas_App_2UITests/Pods-Saitynas_App_2-Saitynas_App_2UITests-frameworks.sh\"\n";
			showEnvVarsInLog = 0;
		};
		E8862732A2A054BC58950ED7 /* [CP] Check Pods Manifest.lock */ = {
			isa = PBXShellScriptBuildPhase;
			buildActionMask = 2147483647;
			files = (
			);
			inputFileListPaths = (
			);
			inputPaths = (
				"${PODS_PODFILE_DIR_PATH}/Podfile.lock",
				"${PODS_ROOT}/Manifest.lock",
			);
			name = "[CP] Check Pods Manifest.lock";
			outputFileListPaths = (
			);
			outputPaths = (
				"$(DERIVED_FILE_DIR)/Pods-Saitynas_App_2-checkManifestLockResult.txt",
			);
			runOnlyForDeploymentPostprocessing = 0;
			shellPath = /bin/sh;
			shellScript = "diff \"${PODS_PODFILE_DIR_PATH}/Podfile.lock\" \"${PODS_ROOT}/Manifest.lock\" > /dev/null\nif [ $? != 0 ] ; then\n    # print error to STDERR\n    echo \"error: The sandbox is not in sync with the Podfile.lock. Run 'pod install' or update your CocoaPods installation.\" >&2\n    exit 1\nfi\n# This output is used by Xcode 'outputs' to avoid re-running this script phase.\necho \"SUCCESS\" > \"${SCRIPT_OUTPUT_FILE_0}\"\n";
			showEnvVarsInLog = 0;
		};
/* End PBXShellScriptBuildPhase section */

/* Begin PBXSourcesBuildPhase section */
		A0B4DA1B2741566800C0EC1F /* Sources */ = {
			isa = PBXSourcesBuildPhase;
			buildActionMask = 2147483647;
			files = (
				A0B993782741822400EA60B0 /* SignupViewController.swift in Sources */,
				A0B9935527415DA900EA60B0 /* DIContainer.swift in Sources */,
				A06179C52757C51300ABBF82 /* CellIdentifier.swift in Sources */,
				A07120DA27418CE600B5A945 /* AccessCommunicator.swift in Sources */,
				A0B993632741612B00EA60B0 /* MessageViewModel.swift in Sources */,
				A07120E42741967B00B5A945 /* StateObserverDelegate.swift in Sources */,
				A0A857CA274ED4DD000B133C /* SignupViewModel.swift in Sources */,
				A06179C12757C3FE00ABBF82 /* WorkplaceTableViewController.swift in Sources */,
				A0B4DA272741566800C0EC1F /* AuthenticationViewController.swift in Sources */,
				A0DEB6BE274550C500EC62CB /* SpecialistDTO.swift in Sources */,
				A07120E72741A88D00B5A945 /* KeyValueStorageProtocol.swift in Sources */,
				A044726C274EFDB7004292EE /* UIColorExtensions.swift in Sources */,
				A0A857D4274EF0AF000B133C /* UserTabViewController.swift in Sources */,
				A044726E274EFF14004292EE /* InputField.swift in Sources */,
				A07120DC27418D3B00B5A945 /* TokensDTO.swift in Sources */,
				A0B9935827415DC800EA60B0 /* Bootstrapper.swift in Sources */,
				A0DEB6BC2745423900EC62CB /* NullObject.swift in Sources */,
				A0F48B6B274530FD00F54324 /* SpecialistViewModel.swift in Sources */,
				A06179CB2757C70300ABBF82 /* WorkplacesDTO.swift in Sources */,
				A07120EB2741ABA300B5A945 /* UserTokensRepository.swift in Sources */,
				A0B4DA232741566800C0EC1F /* AppDelegate.swift in Sources */,
				A07120DE27418D8D00B5A945 /* Role.swift in Sources */,
				A0A857D2274EE91E000B133C /* JwtExtensions.swift in Sources */,
				A07A3F442744F61300B029DE /* DataSourceObserverDelegate.swift in Sources */,
				A07120E027418E1700B5A945 /* AuthenticationManager.swift in Sources */,
				A06179C72757C5B900ABBF82 /* UITableViewExtensions.swift in Sources */,
				A0B9935D2741607F00EA60B0 /* ErrorDTO.swift in Sources */,
				A04327C1275FE1DA00CDF63B /* EvaluationsTableViewController.swift in Sources */,
				A06179C32757C47400ABBF82 /* WorkplaceTableVIewModel.swift in Sources */,
				A0B9936A274166F000EA60B0 /* Communicator.swift in Sources */,
				A044726A274EFD77004292EE /* ColorCode.swift in Sources */,
				A07A3F482744F7CF00B029DE /* ObserverDelegate.swift in Sources */,
				A0B993652741619900EA60B0 /* MessageViewControllerProtocol.swift in Sources */,
				A07120E227418F5A00B5A945 /* LoginViewModel.swift in Sources */,
				A07120F02741CCA800B5A945 /* SpecialistTableViewModel.swift in Sources */,
				A0B9935F2741608900EA60B0 /* MetaDTO.swift in Sources */,
				A0A857D6274EF1A6000B133C /* SpecialistTabViewController.swift in Sources */,
				A02D6976274FDE970016B48D /* AccessControllerBase.swift in Sources */,
				A06179CD2757C98300ABBF82 /* ApiClientProtocol.swift in Sources */,
				A0B4DA252741566800C0EC1F /* SceneDelegate.swift in Sources */,
				A0A857CC274ED83F000B133C /* EnumDTO.swift in Sources */,
				A0B993682741650A00EA60B0 /* ApiClient.swift in Sources */,
				A0447268274EFCAF004292EE /* ButtonWithShadow.swift in Sources */,
				A0B9937A274182E100EA60B0 /* PatientTabViewController.swift in Sources */,
				A02D6974274F05C70016B48D /* ShadowView.swift in Sources */,
				A0B9937227417A0800EA60B0 /* SettingsViewController.swift in Sources */,
				A07120EE2741CC2C00B5A945 /* SpecialistTableViewController.swift in Sources */,
				A0B9936C274178D400EA60B0 /* NaviagtionViewController.swift in Sources */,
				A0B993762741820C00EA60B0 /* LoginViewController.swift in Sources */,
				A07120F22741CCE800B5A945 /* SpecialistsDTO.swift in Sources */,
				A0B993612741609D00EA60B0 /* MessageDTO.swift in Sources */,
				A06179C92757C6D400ABBF82 /* Workplace.swift in Sources */,
				A0B9937C2741831200EA60B0 /* SpecialistViewController.swift in Sources */,
				A0A857D0274EE69F000B133C /* JwtUser.swift in Sources */,
				A07120E92741AB5800B5A945 /* KeychainStorage.swift in Sources */,
				A07A3F462744F6CE00B029DE /* Observable.swift in Sources */,
				A07A3F412741CD5B00B029DE /* Specialist.swift in Sources */,
				A0B9937427417ADE00EA60B0 /* UIStoryboardExtensions.swift in Sources */,
				A0B9936E274179A200EA60B0 /* ViewControllerIdentifier.swift in Sources */,
				A0A857CE274ED8F9000B133C /* EnumListDTO.swift in Sources */,
				A0F48B6927452E1E00F54324 /* RoundableView.swift in Sources */,
			);
			runOnlyForDeploymentPostprocessing = 0;
		};
		A0B4DA312741566900C0EC1F /* Sources */ = {
			isa = PBXSourcesBuildPhase;
			buildActionMask = 2147483647;
			files = (
				A0B4DA3A2741566900C0EC1F /* Saitynas_App_2Tests.swift in Sources */,
			);
			runOnlyForDeploymentPostprocessing = 0;
		};
		A0B4DA3B2741566900C0EC1F /* Sources */ = {
			isa = PBXSourcesBuildPhase;
			buildActionMask = 2147483647;
			files = (
				A0B4DA442741566900C0EC1F /* Saitynas_App_2UITests.swift in Sources */,
				A0B4DA462741566900C0EC1F /* Saitynas_App_2UITestsLaunchTests.swift in Sources */,
			);
			runOnlyForDeploymentPostprocessing = 0;
		};
/* End PBXSourcesBuildPhase section */

/* Begin PBXTargetDependency section */
		A0B4DA372741566900C0EC1F /* PBXTargetDependency */ = {
			isa = PBXTargetDependency;
			target = A0B4DA1E2741566800C0EC1F /* Saitynas_App_2 */;
			targetProxy = A0B4DA362741566900C0EC1F /* PBXContainerItemProxy */;
		};
		A0B4DA412741566900C0EC1F /* PBXTargetDependency */ = {
			isa = PBXTargetDependency;
			target = A0B4DA1E2741566800C0EC1F /* Saitynas_App_2 */;
			targetProxy = A0B4DA402741566900C0EC1F /* PBXContainerItemProxy */;
		};
/* End PBXTargetDependency section */

/* Begin PBXVariantGroup section */
		A0B4DA282741566800C0EC1F /* Main.storyboard */ = {
			isa = PBXVariantGroup;
			children = (
				A0B4DA292741566800C0EC1F /* Base */,
			);
			name = Main.storyboard;
			sourceTree = "<group>";
		};
		A0B4DA2D2741566900C0EC1F /* LaunchScreen.storyboard */ = {
			isa = PBXVariantGroup;
			children = (
				A0B4DA2E2741566900C0EC1F /* Base */,
			);
			name = LaunchScreen.storyboard;
			sourceTree = "<group>";
		};
/* End PBXVariantGroup section */

/* Begin XCBuildConfiguration section */
		A0B4DA472741566900C0EC1F /* Debug */ = {
			isa = XCBuildConfiguration;
			buildSettings = {
				ALWAYS_SEARCH_USER_PATHS = NO;
				CLANG_ANALYZER_NONNULL = YES;
				CLANG_ANALYZER_NUMBER_OBJECT_CONVERSION = YES_AGGRESSIVE;
				CLANG_CXX_LANGUAGE_STANDARD = "gnu++17";
				CLANG_CXX_LIBRARY = "libc++";
				CLANG_ENABLE_MODULES = YES;
				CLANG_ENABLE_OBJC_ARC = YES;
				CLANG_ENABLE_OBJC_WEAK = YES;
				CLANG_WARN_BLOCK_CAPTURE_AUTORELEASING = YES;
				CLANG_WARN_BOOL_CONVERSION = YES;
				CLANG_WARN_COMMA = YES;
				CLANG_WARN_CONSTANT_CONVERSION = YES;
				CLANG_WARN_DEPRECATED_OBJC_IMPLEMENTATIONS = YES;
				CLANG_WARN_DIRECT_OBJC_ISA_USAGE = YES_ERROR;
				CLANG_WARN_DOCUMENTATION_COMMENTS = YES;
				CLANG_WARN_EMPTY_BODY = YES;
				CLANG_WARN_ENUM_CONVERSION = YES;
				CLANG_WARN_INFINITE_RECURSION = YES;
				CLANG_WARN_INT_CONVERSION = YES;
				CLANG_WARN_NON_LITERAL_NULL_CONVERSION = YES;
				CLANG_WARN_OBJC_IMPLICIT_RETAIN_SELF = YES;
				CLANG_WARN_OBJC_LITERAL_CONVERSION = YES;
				CLANG_WARN_OBJC_ROOT_CLASS = YES_ERROR;
				CLANG_WARN_QUOTED_INCLUDE_IN_FRAMEWORK_HEADER = YES;
				CLANG_WARN_RANGE_LOOP_ANALYSIS = YES;
				CLANG_WARN_STRICT_PROTOTYPES = YES;
				CLANG_WARN_SUSPICIOUS_MOVE = YES;
				CLANG_WARN_UNGUARDED_AVAILABILITY = YES_AGGRESSIVE;
				CLANG_WARN_UNREACHABLE_CODE = YES;
				CLANG_WARN__DUPLICATE_METHOD_MATCH = YES;
				COPY_PHASE_STRIP = NO;
				DEBUG_INFORMATION_FORMAT = dwarf;
				ENABLE_STRICT_OBJC_MSGSEND = YES;
				ENABLE_TESTABILITY = YES;
				GCC_C_LANGUAGE_STANDARD = gnu11;
				GCC_DYNAMIC_NO_PIC = NO;
				GCC_NO_COMMON_BLOCKS = YES;
				GCC_OPTIMIZATION_LEVEL = 0;
				GCC_PREPROCESSOR_DEFINITIONS = (
					"DEBUG=1",
					"$(inherited)",
				);
				GCC_WARN_64_TO_32_BIT_CONVERSION = YES;
				GCC_WARN_ABOUT_RETURN_TYPE = YES_ERROR;
				GCC_WARN_UNDECLARED_SELECTOR = YES;
				GCC_WARN_UNINITIALIZED_AUTOS = YES_AGGRESSIVE;
				GCC_WARN_UNUSED_FUNCTION = YES;
				GCC_WARN_UNUSED_VARIABLE = YES;
				IPHONEOS_DEPLOYMENT_TARGET = 15.0;
				MTL_ENABLE_DEBUG_INFO = INCLUDE_SOURCE;
				MTL_FAST_MATH = YES;
				ONLY_ACTIVE_ARCH = YES;
				SDKROOT = iphoneos;
				SWIFT_ACTIVE_COMPILATION_CONDITIONS = DEBUG;
				SWIFT_OPTIMIZATION_LEVEL = "-Onone";
			};
			name = Debug;
		};
		A0B4DA482741566900C0EC1F /* Release */ = {
			isa = XCBuildConfiguration;
			buildSettings = {
				ALWAYS_SEARCH_USER_PATHS = NO;
				CLANG_ANALYZER_NONNULL = YES;
				CLANG_ANALYZER_NUMBER_OBJECT_CONVERSION = YES_AGGRESSIVE;
				CLANG_CXX_LANGUAGE_STANDARD = "gnu++17";
				CLANG_CXX_LIBRARY = "libc++";
				CLANG_ENABLE_MODULES = YES;
				CLANG_ENABLE_OBJC_ARC = YES;
				CLANG_ENABLE_OBJC_WEAK = YES;
				CLANG_WARN_BLOCK_CAPTURE_AUTORELEASING = YES;
				CLANG_WARN_BOOL_CONVERSION = YES;
				CLANG_WARN_COMMA = YES;
				CLANG_WARN_CONSTANT_CONVERSION = YES;
				CLANG_WARN_DEPRECATED_OBJC_IMPLEMENTATIONS = YES;
				CLANG_WARN_DIRECT_OBJC_ISA_USAGE = YES_ERROR;
				CLANG_WARN_DOCUMENTATION_COMMENTS = YES;
				CLANG_WARN_EMPTY_BODY = YES;
				CLANG_WARN_ENUM_CONVERSION = YES;
				CLANG_WARN_INFINITE_RECURSION = YES;
				CLANG_WARN_INT_CONVERSION = YES;
				CLANG_WARN_NON_LITERAL_NULL_CONVERSION = YES;
				CLANG_WARN_OBJC_IMPLICIT_RETAIN_SELF = YES;
				CLANG_WARN_OBJC_LITERAL_CONVERSION = YES;
				CLANG_WARN_OBJC_ROOT_CLASS = YES_ERROR;
				CLANG_WARN_QUOTED_INCLUDE_IN_FRAMEWORK_HEADER = YES;
				CLANG_WARN_RANGE_LOOP_ANALYSIS = YES;
				CLANG_WARN_STRICT_PROTOTYPES = YES;
				CLANG_WARN_SUSPICIOUS_MOVE = YES;
				CLANG_WARN_UNGUARDED_AVAILABILITY = YES_AGGRESSIVE;
				CLANG_WARN_UNREACHABLE_CODE = YES;
				CLANG_WARN__DUPLICATE_METHOD_MATCH = YES;
				COPY_PHASE_STRIP = NO;
				DEBUG_INFORMATION_FORMAT = "dwarf-with-dsym";
				ENABLE_NS_ASSERTIONS = NO;
				ENABLE_STRICT_OBJC_MSGSEND = YES;
				GCC_C_LANGUAGE_STANDARD = gnu11;
				GCC_NO_COMMON_BLOCKS = YES;
				GCC_WARN_64_TO_32_BIT_CONVERSION = YES;
				GCC_WARN_ABOUT_RETURN_TYPE = YES_ERROR;
				GCC_WARN_UNDECLARED_SELECTOR = YES;
				GCC_WARN_UNINITIALIZED_AUTOS = YES_AGGRESSIVE;
				GCC_WARN_UNUSED_FUNCTION = YES;
				GCC_WARN_UNUSED_VARIABLE = YES;
				IPHONEOS_DEPLOYMENT_TARGET = 15.0;
				MTL_ENABLE_DEBUG_INFO = NO;
				MTL_FAST_MATH = YES;
				SDKROOT = iphoneos;
				SWIFT_COMPILATION_MODE = wholemodule;
				SWIFT_OPTIMIZATION_LEVEL = "-O";
				VALIDATE_PRODUCT = YES;
			};
			name = Release;
		};
		A0B4DA4A2741566900C0EC1F /* Debug */ = {
			isa = XCBuildConfiguration;
			baseConfigurationReference = 0528C91E3DECEFF76F08350C /* Pods-Saitynas_App_2.debug.xcconfig */;
			buildSettings = {
				ASSETCATALOG_COMPILER_APPICON_NAME = AppIcon;
				ASSETCATALOG_COMPILER_GLOBAL_ACCENT_COLOR_NAME = AccentColor;
				CODE_SIGN_STYLE = Automatic;
				CURRENT_PROJECT_VERSION = 1;
				GENERATE_INFOPLIST_FILE = YES;
				INFOPLIST_FILE = Saitynas_App_2/Info.plist;
				INFOPLIST_KEY_CFBundleDisplayName = SaitynaiApp;
				INFOPLIST_KEY_UIApplicationSupportsIndirectInputEvents = YES;
				INFOPLIST_KEY_UILaunchStoryboardName = LaunchScreen;
				INFOPLIST_KEY_UIMainStoryboardFile = Main;
				INFOPLIST_KEY_UISupportedInterfaceOrientations_iPad = "UIInterfaceOrientationPortrait UIInterfaceOrientationPortraitUpsideDown UIInterfaceOrientationLandscapeLeft UIInterfaceOrientationLandscapeRight";
				INFOPLIST_KEY_UISupportedInterfaceOrientations_iPhone = "UIInterfaceOrientationPortrait UIInterfaceOrientationLandscapeLeft UIInterfaceOrientationLandscapeRight";
				LD_RUNPATH_SEARCH_PATHS = (
					"$(inherited)",
					"@executable_path/Frameworks",
				);
				MARKETING_VERSION = 1.0;
				PRODUCT_BUNDLE_IDENTIFIER = "edu.ktu.Saitynas-App-2";
				PRODUCT_NAME = "$(TARGET_NAME)";
				SWIFT_EMIT_LOC_STRINGS = YES;
				SWIFT_VERSION = 5.0;
				TARGETED_DEVICE_FAMILY = "1,2";
			};
			name = Debug;
		};
		A0B4DA4B2741566900C0EC1F /* Release */ = {
			isa = XCBuildConfiguration;
			baseConfigurationReference = B39840B9341DC88193000E2B /* Pods-Saitynas_App_2.release.xcconfig */;
			buildSettings = {
				ASSETCATALOG_COMPILER_APPICON_NAME = AppIcon;
				ASSETCATALOG_COMPILER_GLOBAL_ACCENT_COLOR_NAME = AccentColor;
				CODE_SIGN_STYLE = Automatic;
				CURRENT_PROJECT_VERSION = 1;
				GENERATE_INFOPLIST_FILE = YES;
				INFOPLIST_FILE = Saitynas_App_2/Info.plist;
				INFOPLIST_KEY_CFBundleDisplayName = SaitynaiApp;
				INFOPLIST_KEY_UIApplicationSupportsIndirectInputEvents = YES;
				INFOPLIST_KEY_UILaunchStoryboardName = LaunchScreen;
				INFOPLIST_KEY_UIMainStoryboardFile = Main;
				INFOPLIST_KEY_UISupportedInterfaceOrientations_iPad = "UIInterfaceOrientationPortrait UIInterfaceOrientationPortraitUpsideDown UIInterfaceOrientationLandscapeLeft UIInterfaceOrientationLandscapeRight";
				INFOPLIST_KEY_UISupportedInterfaceOrientations_iPhone = "UIInterfaceOrientationPortrait UIInterfaceOrientationLandscapeLeft UIInterfaceOrientationLandscapeRight";
				LD_RUNPATH_SEARCH_PATHS = (
					"$(inherited)",
					"@executable_path/Frameworks",
				);
				MARKETING_VERSION = 1.0;
				PRODUCT_BUNDLE_IDENTIFIER = "edu.ktu.Saitynas-App-2";
				PRODUCT_NAME = "$(TARGET_NAME)";
				SWIFT_EMIT_LOC_STRINGS = YES;
				SWIFT_VERSION = 5.0;
				TARGETED_DEVICE_FAMILY = "1,2";
			};
			name = Release;
		};
		A0B4DA4D2741566900C0EC1F /* Debug */ = {
			isa = XCBuildConfiguration;
			baseConfigurationReference = 9465DB913CD54F4A1CA30AC9 /* Pods-Saitynas_App_2Tests.debug.xcconfig */;
			buildSettings = {
				ALWAYS_EMBED_SWIFT_STANDARD_LIBRARIES = YES;
				BUNDLE_LOADER = "$(TEST_HOST)";
				CODE_SIGN_STYLE = Automatic;
				CURRENT_PROJECT_VERSION = 1;
				GENERATE_INFOPLIST_FILE = YES;
				IPHONEOS_DEPLOYMENT_TARGET = 15.0;
				LD_RUNPATH_SEARCH_PATHS = (
					"$(inherited)",
					"@executable_path/Frameworks",
					"@loader_path/Frameworks",
				);
				MARKETING_VERSION = 1.0;
				PRODUCT_BUNDLE_IDENTIFIER = "edu.ktu.Saitynas-App-2Tests";
				PRODUCT_NAME = "$(TARGET_NAME)";
				SWIFT_EMIT_LOC_STRINGS = NO;
				SWIFT_VERSION = 5.0;
				TARGETED_DEVICE_FAMILY = "1,2";
				TEST_HOST = "$(BUILT_PRODUCTS_DIR)/Saitynas_App_2.app/Saitynas_App_2";
			};
			name = Debug;
		};
		A0B4DA4E2741566900C0EC1F /* Release */ = {
			isa = XCBuildConfiguration;
			baseConfigurationReference = 79ABC9337BEA7004DA6DED9D /* Pods-Saitynas_App_2Tests.release.xcconfig */;
			buildSettings = {
				ALWAYS_EMBED_SWIFT_STANDARD_LIBRARIES = YES;
				BUNDLE_LOADER = "$(TEST_HOST)";
				CODE_SIGN_STYLE = Automatic;
				CURRENT_PROJECT_VERSION = 1;
				GENERATE_INFOPLIST_FILE = YES;
				IPHONEOS_DEPLOYMENT_TARGET = 15.0;
				LD_RUNPATH_SEARCH_PATHS = (
					"$(inherited)",
					"@executable_path/Frameworks",
					"@loader_path/Frameworks",
				);
				MARKETING_VERSION = 1.0;
				PRODUCT_BUNDLE_IDENTIFIER = "edu.ktu.Saitynas-App-2Tests";
				PRODUCT_NAME = "$(TARGET_NAME)";
				SWIFT_EMIT_LOC_STRINGS = NO;
				SWIFT_VERSION = 5.0;
				TARGETED_DEVICE_FAMILY = "1,2";
				TEST_HOST = "$(BUILT_PRODUCTS_DIR)/Saitynas_App_2.app/Saitynas_App_2";
			};
			name = Release;
		};
		A0B4DA502741566900C0EC1F /* Debug */ = {
			isa = XCBuildConfiguration;
			baseConfigurationReference = FD5B4413457FD048F6BB697A /* Pods-Saitynas_App_2-Saitynas_App_2UITests.debug.xcconfig */;
			buildSettings = {
				ALWAYS_EMBED_SWIFT_STANDARD_LIBRARIES = YES;
				CODE_SIGN_STYLE = Automatic;
				CURRENT_PROJECT_VERSION = 1;
				GENERATE_INFOPLIST_FILE = YES;
				LD_RUNPATH_SEARCH_PATHS = (
					"$(inherited)",
					"@executable_path/Frameworks",
					"@loader_path/Frameworks",
				);
				MARKETING_VERSION = 1.0;
				PRODUCT_BUNDLE_IDENTIFIER = "edu.ktu.Saitynas-App-2UITests";
				PRODUCT_NAME = "$(TARGET_NAME)";
				SWIFT_EMIT_LOC_STRINGS = NO;
				SWIFT_VERSION = 5.0;
				TARGETED_DEVICE_FAMILY = "1,2";
				TEST_TARGET_NAME = Saitynas_App_2;
			};
			name = Debug;
		};
		A0B4DA512741566900C0EC1F /* Release */ = {
			isa = XCBuildConfiguration;
			baseConfigurationReference = BA61AB65E9EFA55C15E75B34 /* Pods-Saitynas_App_2-Saitynas_App_2UITests.release.xcconfig */;
			buildSettings = {
				ALWAYS_EMBED_SWIFT_STANDARD_LIBRARIES = YES;
				CODE_SIGN_STYLE = Automatic;
				CURRENT_PROJECT_VERSION = 1;
				GENERATE_INFOPLIST_FILE = YES;
				LD_RUNPATH_SEARCH_PATHS = (
					"$(inherited)",
					"@executable_path/Frameworks",
					"@loader_path/Frameworks",
				);
				MARKETING_VERSION = 1.0;
				PRODUCT_BUNDLE_IDENTIFIER = "edu.ktu.Saitynas-App-2UITests";
				PRODUCT_NAME = "$(TARGET_NAME)";
				SWIFT_EMIT_LOC_STRINGS = NO;
				SWIFT_VERSION = 5.0;
				TARGETED_DEVICE_FAMILY = "1,2";
				TEST_TARGET_NAME = Saitynas_App_2;
			};
			name = Release;
		};
/* End XCBuildConfiguration section */

/* Begin XCConfigurationList section */
		A0B4DA1A2741566800C0EC1F /* Build configuration list for PBXProject "Saitynas_App_2" */ = {
			isa = XCConfigurationList;
			buildConfigurations = (
				A0B4DA472741566900C0EC1F /* Debug */,
				A0B4DA482741566900C0EC1F /* Release */,
			);
			defaultConfigurationIsVisible = 0;
			defaultConfigurationName = Release;
		};
		A0B4DA492741566900C0EC1F /* Build configuration list for PBXNativeTarget "Saitynas_App_2" */ = {
			isa = XCConfigurationList;
			buildConfigurations = (
				A0B4DA4A2741566900C0EC1F /* Debug */,
				A0B4DA4B2741566900C0EC1F /* Release */,
			);
			defaultConfigurationIsVisible = 0;
			defaultConfigurationName = Release;
		};
		A0B4DA4C2741566900C0EC1F /* Build configuration list for PBXNativeTarget "Saitynas_App_2Tests" */ = {
			isa = XCConfigurationList;
			buildConfigurations = (
				A0B4DA4D2741566900C0EC1F /* Debug */,
				A0B4DA4E2741566900C0EC1F /* Release */,
			);
			defaultConfigurationIsVisible = 0;
			defaultConfigurationName = Release;
		};
		A0B4DA4F2741566900C0EC1F /* Build configuration list for PBXNativeTarget "Saitynas_App_2UITests" */ = {
			isa = XCConfigurationList;
			buildConfigurations = (
				A0B4DA502741566900C0EC1F /* Debug */,
				A0B4DA512741566900C0EC1F /* Release */,
			);
			defaultConfigurationIsVisible = 0;
			defaultConfigurationName = Release;
		};
/* End XCConfigurationList section */
	};
	rootObject = A0B4DA172741566800C0EC1F /* Project object */;
}
